// !$*UTF8*$!
{
	archiveVersion = 1;
	classes = {
	};
	objectVersion = 50;
	objects = {

/* Begin PBXBuildFile section */
		5501D8F520ED972500C7D4E5 /* StockDividendForm.xib in Resources */ = {isa = PBXBuildFile; fileRef = 5501D8F320ED972400C7D4E5 /* StockDividendForm.xib */; };
		5501D8F620ED972500C7D4E5 /* StockDividendForm.swift in Sources */ = {isa = PBXBuildFile; fileRef = 5501D8F420ED972500C7D4E5 /* StockDividendForm.swift */; };
		5503A81020F1048D0039ACCD /* StockIncome.swift in Sources */ = {isa = PBXBuildFile; fileRef = 5503A80F20F1048D0039ACCD /* StockIncome.swift */; };
		5503A81220F107680039ACCD /* StockIncomeDB.swift in Sources */ = {isa = PBXBuildFile; fileRef = 5503A81120F107680039ACCD /* StockIncomeDB.swift */; };
		5503A81520F24C510039ACCD /* StockIncomeCell.xib in Resources */ = {isa = PBXBuildFile; fileRef = 5503A81320F24C500039ACCD /* StockIncomeCell.xib */; };
		5503A81620F24C510039ACCD /* StockIncomeCell.swift in Sources */ = {isa = PBXBuildFile; fileRef = 5503A81420F24C510039ACCD /* StockIncomeCell.swift */; };
		5503A81920F2A2F70039ACCD /* StockBonificationForm.swift in Sources */ = {isa = PBXBuildFile; fileRef = 5503A81720F2A2F70039ACCD /* StockBonificationForm.swift */; };
		5503A81A20F2A2F70039ACCD /* StockBonificationForm.xib in Resources */ = {isa = PBXBuildFile; fileRef = 5503A81820F2A2F70039ACCD /* StockBonificationForm.xib */; };
		5518596B20E9860900BFB445 /* SoldStockDataDB.swift in Sources */ = {isa = PBXBuildFile; fileRef = 5518596A20E9860900BFB445 /* SoldStockDataDB.swift */; };
		5518596D20E9879700BFB445 /* SoldStockData.swift in Sources */ = {isa = PBXBuildFile; fileRef = 5518596C20E9879600BFB445 /* SoldStockData.swift */; };
		5518597020EAEE2900BFB445 /* SellStockForm.swift in Sources */ = {isa = PBXBuildFile; fileRef = 5518596E20EAEE2900BFB445 /* SellStockForm.swift */; };
		5518597120EAEE2900BFB445 /* SellStockForm.xib in Resources */ = {isa = PBXBuildFile; fileRef = 5518596F20EAEE2900BFB445 /* SellStockForm.xib */; };
		551D525520E70FFA00B4A37F /* StockDetailsView.swift in Sources */ = {isa = PBXBuildFile; fileRef = 551D525420E70FFA00B4A37F /* StockDetailsView.swift */; };
		551D525720E7102100B4A37F /* StockDetailsView.xib in Resources */ = {isa = PBXBuildFile; fileRef = 551D525620E7102100B4A37F /* StockDetailsView.xib */; };
		551D525920E7112C00B4A37F /* StockIncomesView.swift in Sources */ = {isa = PBXBuildFile; fileRef = 551D525820E7112C00B4A37F /* StockIncomesView.swift */; };
		551D525B20E7115200B4A37F /* StockIncomesView.xib in Resources */ = {isa = PBXBuildFile; fileRef = 551D525A20E7115200B4A37F /* StockIncomesView.xib */; };
		551D525D20E7282E00B4A37F /* StockTransactionCell.swift in Sources */ = {isa = PBXBuildFile; fileRef = 551D525C20E7282E00B4A37F /* StockTransactionCell.swift */; };
		551D525F20E7283F00B4A37F /* StockTransactionCell.xib in Resources */ = {isa = PBXBuildFile; fileRef = 551D525E20E7283F00B4A37F /* StockTransactionCell.xib */; };
		552D940A20BB22E90041872B /* AppDelegate.swift in Sources */ = {isa = PBXBuildFile; fileRef = 552D940920BB22E90041872B /* AppDelegate.swift */; };
		552D941120BB22F30041872B /* Assets.xcassets in Resources */ = {isa = PBXBuildFile; fileRef = 552D941020BB22F30041872B /* Assets.xcassets */; };
		552D941F20BB2B9F0041872B /* PortfolioMainController.swift in Sources */ = {isa = PBXBuildFile; fileRef = 552D941E20BB2B9F0041872B /* PortfolioMainController.swift */; };
		552D942120BB2BB20041872B /* PortfolioMainController.xib in Resources */ = {isa = PBXBuildFile; fileRef = 552D942020BB2BB20041872B /* PortfolioMainController.xib */; };
		55338AA620F6CF8C002AEFEA /* StockIncomeDetailsView.swift in Sources */ = {isa = PBXBuildFile; fileRef = 55338AA520F6CF8C002AEFEA /* StockIncomeDetailsView.swift */; };
		55338AA820F6CFAF002AEFEA /* StockIncomeDetailsView.xib in Resources */ = {isa = PBXBuildFile; fileRef = 55338AA720F6CFAF002AEFEA /* StockIncomeDetailsView.xib */; };
		55338AAB20F80D5A002AEFEA /* StockMainIncomesView.swift in Sources */ = {isa = PBXBuildFile; fileRef = 55338AA920F80D5A002AEFEA /* StockMainIncomesView.swift */; };
		55338AAC20F80D5A002AEFEA /* StockMainIncomesView.xib in Resources */ = {isa = PBXBuildFile; fileRef = 55338AAA20F80D5A002AEFEA /* StockMainIncomesView.xib */; };
		55338AAE20F81E53002AEFEA /* StockPortfolio.swift in Sources */ = {isa = PBXBuildFile; fileRef = 55338AAD20F81E53002AEFEA /* StockPortfolio.swift */; };
		55338AB020F81F3B002AEFEA /* StockPortfolioDB.swift in Sources */ = {isa = PBXBuildFile; fileRef = 55338AAF20F81F3B002AEFEA /* StockPortfolioDB.swift */; };
		5540A85320BCC2BB0087498B /* KYDrawerController.swift in Sources */ = {isa = PBXBuildFile; fileRef = 5540A84E20BCC2BB0087498B /* KYDrawerController.swift */; };
		5540A85420BCC2BB0087498B /* KYEmbedDrawerControllerSegue.swift in Sources */ = {isa = PBXBuildFile; fileRef = 5540A84F20BCC2BB0087498B /* KYEmbedDrawerControllerSegue.swift */; };
		5540A85520BCC2BB0087498B /* KYEmbedMainControllerSegue.swift in Sources */ = {isa = PBXBuildFile; fileRef = 5540A85020BCC2BB0087498B /* KYEmbedMainControllerSegue.swift */; };
		5540A85820BCC2ED0087498B /* DrawerViewController.swift in Sources */ = {isa = PBXBuildFile; fileRef = 5540A85720BCC2ED0087498B /* DrawerViewController.swift */; };
		5540A85B20BCC6E00087498B /* Main.storyboard in Resources */ = {isa = PBXBuildFile; fileRef = 5540A85920BCC6E00087498B /* Main.storyboard */; };
		5540A85D20BCD3780087498B /* DrawerViewController.xib in Resources */ = {isa = PBXBuildFile; fileRef = 5540A85C20BCD3780087498B /* DrawerViewController.xib */; };
		5542245B20C4BDD5001B2734 /* StockDataCell.swift in Sources */ = {isa = PBXBuildFile; fileRef = 5542245A20C4BDD5001B2734 /* StockDataCell.swift */; };
		5542245E20C4BE36001B2734 /* StockDataCell.xib in Resources */ = {isa = PBXBuildFile; fileRef = 5542245D20C4BE36001B2734 /* StockDataCell.xib */; };
		554E16E720E44542006B864D /* SoldStockDataCell.xib in Resources */ = {isa = PBXBuildFile; fileRef = 554E16E520E44542006B864D /* SoldStockDataCell.xib */; };
		554E16E820E44542006B864D /* SoldStockDataCell.swift in Sources */ = {isa = PBXBuildFile; fileRef = 554E16E620E44542006B864D /* SoldStockDataCell.swift */; };
		554E16EB20E4459B006B864D /* SoldStockDataView.swift in Sources */ = {isa = PBXBuildFile; fileRef = 554E16E920E4459A006B864D /* SoldStockDataView.swift */; };
		554E16EC20E4459B006B864D /* SoldStockDataView.xib in Resources */ = {isa = PBXBuildFile; fileRef = 554E16EA20E4459A006B864D /* SoldStockDataView.xib */; };
		5566030620E0365E0041FC8B /* SQLiteHelper.swift in Sources */ = {isa = PBXBuildFile; fileRef = 5566030520E0365E0041FC8B /* SQLiteHelper.swift */; };
		5566030920E037680041FC8B /* libsqlite3.tbd in Frameworks */ = {isa = PBXBuildFile; fileRef = 5566030820E037680041FC8B /* libsqlite3.tbd */; };
		5566030C20E039D50041FC8B /* StringUtils.swift in Sources */ = {isa = PBXBuildFile; fileRef = 5566030B20E039D50041FC8B /* StringUtils.swift */; };
		5566030F20E03E0E0041FC8B /* StockTransactionDB.swift in Sources */ = {isa = PBXBuildFile; fileRef = 5566030E20E03E0E0041FC8B /* StockTransactionDB.swift */; };
		5566031120E06A170041FC8B /* Constants.swift in Sources */ = {isa = PBXBuildFile; fileRef = 5566031020E06A170041FC8B /* Constants.swift */; };
		5566031420E06EAE0041FC8B /* StockService.swift in Sources */ = {isa = PBXBuildFile; fileRef = 5566031320E06EAE0041FC8B /* StockService.swift */; };
		5566031620E070600041FC8B /* StockDataDB.swift in Sources */ = {isa = PBXBuildFile; fileRef = 5566031520E070600041FC8B /* StockDataDB.swift */; };
		5568A71220C1CCF000689EBA /* StockDataView.swift in Sources */ = {isa = PBXBuildFile; fileRef = 5568A71120C1CCF000689EBA /* StockDataView.swift */; };
		5568A71420C1CCFF00689EBA /* StockDataView.xib in Resources */ = {isa = PBXBuildFile; fileRef = 5568A71320C1CCFF00689EBA /* StockDataView.xib */; };
		557F72A921029FD4000758FE /* StockPortfolioCell.swift in Sources */ = {isa = PBXBuildFile; fileRef = 557F72A821029FD4000758FE /* StockPortfolioCell.swift */; };
		557F72AB2102A006000758FE /* StockPortfolioCell.xib in Resources */ = {isa = PBXBuildFile; fileRef = 557F72AA2102A006000758FE /* StockPortfolioCell.xib */; };
		55811DE820E1B486006BCE0C /* StockGeneral.swift in Sources */ = {isa = PBXBuildFile; fileRef = 55811DE720E1B486006BCE0C /* StockGeneral.swift */; };
		559F12FA20C04353006BC844 /* StockPortfolioView.swift in Sources */ = {isa = PBXBuildFile; fileRef = 559F12F920C04353006BC844 /* StockPortfolioView.swift */; };
		559F12FC20C0436C006BC844 /* StockPortfolioView.xib in Resources */ = {isa = PBXBuildFile; fileRef = 559F12FB20C0436C006BC844 /* StockPortfolioView.xib */; };
		559F131420C09D37006BC844 /* Utils.swift in Sources */ = {isa = PBXBuildFile; fileRef = 559F131320C09D37006BC844 /* Utils.swift */; };
		559F131620C0A3AC006BC844 /* TabController.swift in Sources */ = {isa = PBXBuildFile; fileRef = 559F131520C0A3AC006BC844 /* TabController.swift */; };
		55A3915520D1E1A100244FC2 /* StockData.swift in Sources */ = {isa = PBXBuildFile; fileRef = 55A3915420D1E1A100244FC2 /* StockData.swift */; };
		55A3915720D1E3C800244FC2 /* StockTransaction.swift in Sources */ = {isa = PBXBuildFile; fileRef = 55A3915620D1E3C800244FC2 /* StockTransaction.swift */; };
		55A3915A20D1FB2C00244FC2 /* BuyStockForm.swift in Sources */ = {isa = PBXBuildFile; fileRef = 55A3915920D1FB2C00244FC2 /* BuyStockForm.swift */; };
		55A3915C20D1FBD400244FC2 /* BuyStockForm.xib in Resources */ = {isa = PBXBuildFile; fileRef = 55A3915B20D1FBD400244FC2 /* BuyStockForm.xib */; };
		55CB063920F6BB8000085491 /* StockSplitForm.swift in Sources */ = {isa = PBXBuildFile; fileRef = 55CB063720F6BB7F00085491 /* StockSplitForm.swift */; };
		55CB063A20F6BB8000085491 /* StockSplitForm.xib in Resources */ = {isa = PBXBuildFile; fileRef = 55CB063820F6BB7F00085491 /* StockSplitForm.xib */; };
		55CB063D20F6BEDB00085491 /* StockGroupingForm.xib in Resources */ = {isa = PBXBuildFile; fileRef = 55CB063B20F6BEDB00085491 /* StockGroupingForm.xib */; };
		55CB063E20F6BEDB00085491 /* StockGroupingForm.swift in Sources */ = {isa = PBXBuildFile; fileRef = 55CB063C20F6BEDB00085491 /* StockGroupingForm.swift */; };
/* End PBXBuildFile section */

/* Begin PBXFileReference section */
		5501D8F320ED972400C7D4E5 /* StockDividendForm.xib */ = {isa = PBXFileReference; fileEncoding = 4; lastKnownFileType = file.xib; path = StockDividendForm.xib; sourceTree = "<group>"; };
		5501D8F420ED972500C7D4E5 /* StockDividendForm.swift */ = {isa = PBXFileReference; fileEncoding = 4; lastKnownFileType = sourcecode.swift; path = StockDividendForm.swift; sourceTree = "<group>"; };
		5503A80F20F1048D0039ACCD /* StockIncome.swift */ = {isa = PBXFileReference; lastKnownFileType = sourcecode.swift; path = StockIncome.swift; sourceTree = "<group>"; };
		5503A81120F107680039ACCD /* StockIncomeDB.swift */ = {isa = PBXFileReference; lastKnownFileType = sourcecode.swift; path = StockIncomeDB.swift; sourceTree = "<group>"; };
		5503A81320F24C500039ACCD /* StockIncomeCell.xib */ = {isa = PBXFileReference; fileEncoding = 4; lastKnownFileType = file.xib; path = StockIncomeCell.xib; sourceTree = "<group>"; };
		5503A81420F24C510039ACCD /* StockIncomeCell.swift */ = {isa = PBXFileReference; fileEncoding = 4; lastKnownFileType = sourcecode.swift; path = StockIncomeCell.swift; sourceTree = "<group>"; };
		5503A81720F2A2F70039ACCD /* StockBonificationForm.swift */ = {isa = PBXFileReference; fileEncoding = 4; lastKnownFileType = sourcecode.swift; path = StockBonificationForm.swift; sourceTree = "<group>"; };
		5503A81820F2A2F70039ACCD /* StockBonificationForm.xib */ = {isa = PBXFileReference; fileEncoding = 4; lastKnownFileType = file.xib; path = StockBonificationForm.xib; sourceTree = "<group>"; };
		5518596A20E9860900BFB445 /* SoldStockDataDB.swift */ = {isa = PBXFileReference; fileEncoding = 4; lastKnownFileType = sourcecode.swift; path = SoldStockDataDB.swift; sourceTree = "<group>"; };
		5518596C20E9879600BFB445 /* SoldStockData.swift */ = {isa = PBXFileReference; fileEncoding = 4; lastKnownFileType = sourcecode.swift; path = SoldStockData.swift; sourceTree = "<group>"; };
		5518596E20EAEE2900BFB445 /* SellStockForm.swift */ = {isa = PBXFileReference; fileEncoding = 4; lastKnownFileType = sourcecode.swift; path = SellStockForm.swift; sourceTree = "<group>"; };
		5518596F20EAEE2900BFB445 /* SellStockForm.xib */ = {isa = PBXFileReference; fileEncoding = 4; lastKnownFileType = file.xib; path = SellStockForm.xib; sourceTree = "<group>"; };
		551D525420E70FFA00B4A37F /* StockDetailsView.swift */ = {isa = PBXFileReference; lastKnownFileType = sourcecode.swift; path = StockDetailsView.swift; sourceTree = "<group>"; };
		551D525620E7102100B4A37F /* StockDetailsView.xib */ = {isa = PBXFileReference; lastKnownFileType = file.xib; path = StockDetailsView.xib; sourceTree = "<group>"; };
		551D525820E7112C00B4A37F /* StockIncomesView.swift */ = {isa = PBXFileReference; lastKnownFileType = sourcecode.swift; path = StockIncomesView.swift; sourceTree = "<group>"; };
		551D525A20E7115200B4A37F /* StockIncomesView.xib */ = {isa = PBXFileReference; lastKnownFileType = file.xib; path = StockIncomesView.xib; sourceTree = "<group>"; };
		551D525C20E7282E00B4A37F /* StockTransactionCell.swift */ = {isa = PBXFileReference; lastKnownFileType = sourcecode.swift; path = StockTransactionCell.swift; sourceTree = "<group>"; };
		551D525E20E7283F00B4A37F /* StockTransactionCell.xib */ = {isa = PBXFileReference; lastKnownFileType = file.xib; path = StockTransactionCell.xib; sourceTree = "<group>"; };
		552D940620BB22E90041872B /* Guia Investimento.app */ = {isa = PBXFileReference; explicitFileType = wrapper.application; includeInIndex = 0; path = "Guia Investimento.app"; sourceTree = BUILT_PRODUCTS_DIR; };
		552D940920BB22E90041872B /* AppDelegate.swift */ = {isa = PBXFileReference; lastKnownFileType = sourcecode.swift; path = AppDelegate.swift; sourceTree = "<group>"; };
		552D941020BB22F30041872B /* Assets.xcassets */ = {isa = PBXFileReference; lastKnownFileType = folder.assetcatalog; path = Assets.xcassets; sourceTree = "<group>"; };
		552D941520BB22F30041872B /* Info.plist */ = {isa = PBXFileReference; lastKnownFileType = text.plist.xml; path = Info.plist; sourceTree = "<group>"; };
		552D941E20BB2B9F0041872B /* PortfolioMainController.swift */ = {isa = PBXFileReference; lastKnownFileType = sourcecode.swift; path = PortfolioMainController.swift; sourceTree = "<group>"; };
		552D942020BB2BB20041872B /* PortfolioMainController.xib */ = {isa = PBXFileReference; lastKnownFileType = file.xib; path = PortfolioMainController.xib; sourceTree = "<group>"; };
		55338AA520F6CF8C002AEFEA /* StockIncomeDetailsView.swift */ = {isa = PBXFileReference; lastKnownFileType = sourcecode.swift; path = StockIncomeDetailsView.swift; sourceTree = "<group>"; };
		55338AA720F6CFAF002AEFEA /* StockIncomeDetailsView.xib */ = {isa = PBXFileReference; lastKnownFileType = file.xib; path = StockIncomeDetailsView.xib; sourceTree = "<group>"; };
		55338AA920F80D5A002AEFEA /* StockMainIncomesView.swift */ = {isa = PBXFileReference; fileEncoding = 4; lastKnownFileType = sourcecode.swift; path = StockMainIncomesView.swift; sourceTree = "<group>"; };
		55338AAA20F80D5A002AEFEA /* StockMainIncomesView.xib */ = {isa = PBXFileReference; fileEncoding = 4; lastKnownFileType = file.xib; path = StockMainIncomesView.xib; sourceTree = "<group>"; };
		55338AAD20F81E53002AEFEA /* StockPortfolio.swift */ = {isa = PBXFileReference; lastKnownFileType = sourcecode.swift; path = StockPortfolio.swift; sourceTree = "<group>"; };
		55338AAF20F81F3B002AEFEA /* StockPortfolioDB.swift */ = {isa = PBXFileReference; lastKnownFileType = sourcecode.swift; path = StockPortfolioDB.swift; sourceTree = "<group>"; };
		5540A84E20BCC2BB0087498B /* KYDrawerController.swift */ = {isa = PBXFileReference; fileEncoding = 4; lastKnownFileType = sourcecode.swift; path = KYDrawerController.swift; sourceTree = "<group>"; };
		5540A84F20BCC2BB0087498B /* KYEmbedDrawerControllerSegue.swift */ = {isa = PBXFileReference; fileEncoding = 4; lastKnownFileType = sourcecode.swift; path = KYEmbedDrawerControllerSegue.swift; sourceTree = "<group>"; };
		5540A85020BCC2BB0087498B /* KYEmbedMainControllerSegue.swift */ = {isa = PBXFileReference; fileEncoding = 4; lastKnownFileType = sourcecode.swift; path = KYEmbedMainControllerSegue.swift; sourceTree = "<group>"; };
		5540A85720BCC2ED0087498B /* DrawerViewController.swift */ = {isa = PBXFileReference; fileEncoding = 4; lastKnownFileType = sourcecode.swift; path = DrawerViewController.swift; sourceTree = "<group>"; };
		5540A85A20BCC6E00087498B /* Base */ = {isa = PBXFileReference; lastKnownFileType = file.storyboard; name = Base; path = Base.lproj/Main.storyboard; sourceTree = "<group>"; };
		5540A85C20BCD3780087498B /* DrawerViewController.xib */ = {isa = PBXFileReference; lastKnownFileType = file.xib; path = DrawerViewController.xib; sourceTree = "<group>"; };
		5542245A20C4BDD5001B2734 /* StockDataCell.swift */ = {isa = PBXFileReference; lastKnownFileType = sourcecode.swift; path = StockDataCell.swift; sourceTree = "<group>"; };
		5542245D20C4BE36001B2734 /* StockDataCell.xib */ = {isa = PBXFileReference; lastKnownFileType = file.xib; path = StockDataCell.xib; sourceTree = "<group>"; };
		554E16E520E44542006B864D /* SoldStockDataCell.xib */ = {isa = PBXFileReference; fileEncoding = 4; lastKnownFileType = file.xib; path = SoldStockDataCell.xib; sourceTree = "<group>"; };
		554E16E620E44542006B864D /* SoldStockDataCell.swift */ = {isa = PBXFileReference; fileEncoding = 4; lastKnownFileType = sourcecode.swift; path = SoldStockDataCell.swift; sourceTree = "<group>"; };
		554E16E920E4459A006B864D /* SoldStockDataView.swift */ = {isa = PBXFileReference; fileEncoding = 4; lastKnownFileType = sourcecode.swift; path = SoldStockDataView.swift; sourceTree = "<group>"; };
		554E16EA20E4459A006B864D /* SoldStockDataView.xib */ = {isa = PBXFileReference; fileEncoding = 4; lastKnownFileType = file.xib; path = SoldStockDataView.xib; sourceTree = "<group>"; };
		5566030520E0365E0041FC8B /* SQLiteHelper.swift */ = {isa = PBXFileReference; fileEncoding = 4; lastKnownFileType = sourcecode.swift; path = SQLiteHelper.swift; sourceTree = "<group>"; };
		5566030820E037680041FC8B /* libsqlite3.tbd */ = {isa = PBXFileReference; lastKnownFileType = "sourcecode.text-based-dylib-definition"; name = libsqlite3.tbd; path = usr/lib/libsqlite3.tbd; sourceTree = SDKROOT; };
		5566030A20E038490041FC8B /* Guia-Investimento-Bridging-Header.h */ = {isa = PBXFileReference; lastKnownFileType = sourcecode.c.h; path = "Guia-Investimento-Bridging-Header.h"; sourceTree = "<group>"; };
		5566030B20E039D50041FC8B /* StringUtils.swift */ = {isa = PBXFileReference; fileEncoding = 4; lastKnownFileType = sourcecode.swift; path = StringUtils.swift; sourceTree = "<group>"; };
		5566030E20E03E0E0041FC8B /* StockTransactionDB.swift */ = {isa = PBXFileReference; lastKnownFileType = sourcecode.swift; path = StockTransactionDB.swift; sourceTree = "<group>"; };
		5566031020E06A170041FC8B /* Constants.swift */ = {isa = PBXFileReference; lastKnownFileType = sourcecode.swift; path = Constants.swift; sourceTree = "<group>"; };
		5566031320E06EAE0041FC8B /* StockService.swift */ = {isa = PBXFileReference; lastKnownFileType = sourcecode.swift; path = StockService.swift; sourceTree = "<group>"; };
		5566031520E070600041FC8B /* StockDataDB.swift */ = {isa = PBXFileReference; lastKnownFileType = sourcecode.swift; path = StockDataDB.swift; sourceTree = "<group>"; };
		5568A71120C1CCF000689EBA /* StockDataView.swift */ = {isa = PBXFileReference; lastKnownFileType = sourcecode.swift; path = StockDataView.swift; sourceTree = "<group>"; };
		5568A71320C1CCFF00689EBA /* StockDataView.xib */ = {isa = PBXFileReference; lastKnownFileType = file.xib; path = StockDataView.xib; sourceTree = "<group>"; };
		557F72A821029FD4000758FE /* StockPortfolioCell.swift */ = {isa = PBXFileReference; lastKnownFileType = sourcecode.swift; path = StockPortfolioCell.swift; sourceTree = "<group>"; };
		557F72AA2102A006000758FE /* StockPortfolioCell.xib */ = {isa = PBXFileReference; lastKnownFileType = file.xib; path = StockPortfolioCell.xib; sourceTree = "<group>"; };
		55811DE720E1B486006BCE0C /* StockGeneral.swift */ = {isa = PBXFileReference; lastKnownFileType = sourcecode.swift; path = StockGeneral.swift; sourceTree = "<group>"; };
		559F12F920C04353006BC844 /* StockPortfolioView.swift */ = {isa = PBXFileReference; lastKnownFileType = sourcecode.swift; path = StockPortfolioView.swift; sourceTree = "<group>"; };
		559F12FB20C0436C006BC844 /* StockPortfolioView.xib */ = {isa = PBXFileReference; lastKnownFileType = file.xib; path = StockPortfolioView.xib; sourceTree = "<group>"; };
		559F131320C09D37006BC844 /* Utils.swift */ = {isa = PBXFileReference; lastKnownFileType = sourcecode.swift; path = Utils.swift; sourceTree = "<group>"; };
		559F131520C0A3AC006BC844 /* TabController.swift */ = {isa = PBXFileReference; lastKnownFileType = sourcecode.swift; path = TabController.swift; sourceTree = "<group>"; };
		55A3915420D1E1A100244FC2 /* StockData.swift */ = {isa = PBXFileReference; lastKnownFileType = sourcecode.swift; path = StockData.swift; sourceTree = "<group>"; };
		55A3915620D1E3C800244FC2 /* StockTransaction.swift */ = {isa = PBXFileReference; lastKnownFileType = sourcecode.swift; path = StockTransaction.swift; sourceTree = "<group>"; };
		55A3915920D1FB2C00244FC2 /* BuyStockForm.swift */ = {isa = PBXFileReference; lastKnownFileType = sourcecode.swift; path = BuyStockForm.swift; sourceTree = "<group>"; };
		55A3915B20D1FBD400244FC2 /* BuyStockForm.xib */ = {isa = PBXFileReference; lastKnownFileType = file.xib; path = BuyStockForm.xib; sourceTree = "<group>"; };
		55CB063720F6BB7F00085491 /* StockSplitForm.swift */ = {isa = PBXFileReference; fileEncoding = 4; lastKnownFileType = sourcecode.swift; path = StockSplitForm.swift; sourceTree = "<group>"; };
		55CB063820F6BB7F00085491 /* StockSplitForm.xib */ = {isa = PBXFileReference; fileEncoding = 4; lastKnownFileType = file.xib; path = StockSplitForm.xib; sourceTree = "<group>"; };
		55CB063B20F6BEDB00085491 /* StockGroupingForm.xib */ = {isa = PBXFileReference; fileEncoding = 4; lastKnownFileType = file.xib; path = StockGroupingForm.xib; sourceTree = "<group>"; };
		55CB063C20F6BEDB00085491 /* StockGroupingForm.swift */ = {isa = PBXFileReference; fileEncoding = 4; lastKnownFileType = sourcecode.swift; path = StockGroupingForm.swift; sourceTree = "<group>"; };
/* End PBXFileReference section */

/* Begin PBXFrameworksBuildPhase section */
		552D940320BB22E90041872B /* Frameworks */ = {
			isa = PBXFrameworksBuildPhase;
			buildActionMask = 2147483647;
			files = (
				5566030920E037680041FC8B /* libsqlite3.tbd in Frameworks */,
			);
			runOnlyForDeploymentPostprocessing = 0;
		};
/* End PBXFrameworksBuildPhase section */

/* Begin PBXGroup section */
		552D93FD20BB22E90041872B = {
			isa = PBXGroup;
			children = (
				552D940820BB22E90041872B /* Guia Investimento */,
				552D940720BB22E90041872B /* Products */,
				5566030720E037680041FC8B /* Frameworks */,
			);
			sourceTree = "<group>";
		};
		552D940720BB22E90041872B /* Products */ = {
			isa = PBXGroup;
			children = (
				552D940620BB22E90041872B /* Guia Investimento.app */,
			);
			name = Products;
			sourceTree = "<group>";
		};
		552D940820BB22E90041872B /* Guia Investimento */ = {
			isa = PBXGroup;
			children = (
				552D941B20BB2B010041872B /* Code */,
				552D940920BB22E90041872B /* AppDelegate.swift */,
				552D941020BB22F30041872B /* Assets.xcassets */,
				5540A85920BCC6E00087498B /* Main.storyboard */,
				552D941520BB22F30041872B /* Info.plist */,
				5566030A20E038490041FC8B /* Guia-Investimento-Bridging-Header.h */,
			);
			path = "Guia Investimento";
			sourceTree = "<group>";
		};
		552D941B20BB2B010041872B /* Code */ = {
			isa = PBXGroup;
			children = (
				5568A70E20C18DAC00689EBA /* General */,
				5540A84C20BCC2BB0087498B /* KYDrawerController */,
				559F12F320C03527006BC844 /* Stock */,
				559F12F420C037FD006BC844 /* FixedIncome */,
				559F12F520C03815006BC844 /* FII */,
				559F12F620C03828006BC844 /* Others */,
				559F12F820C0383C006BC844 /* Currency */,
				559F12F720C0382F006BC844 /* Treasury */,
				552D942020BB2BB20041872B /* PortfolioMainController.xib */,
				552D941E20BB2B9F0041872B /* PortfolioMainController.swift */,
			);
			path = Code;
			sourceTree = "<group>";
		};
		5540A84C20BCC2BB0087498B /* KYDrawerController */ = {
			isa = PBXGroup;
			children = (
				5540A84D20BCC2BB0087498B /* Classes */,
				5540A85720BCC2ED0087498B /* DrawerViewController.swift */,
				5540A85C20BCD3780087498B /* DrawerViewController.xib */,
			);
			path = KYDrawerController;
			sourceTree = "<group>";
		};
		5540A84D20BCC2BB0087498B /* Classes */ = {
			isa = PBXGroup;
			children = (
				5540A84E20BCC2BB0087498B /* KYDrawerController.swift */,
				5540A84F20BCC2BB0087498B /* KYEmbedDrawerControllerSegue.swift */,
				5540A85020BCC2BB0087498B /* KYEmbedMainControllerSegue.swift */,
			);
			path = Classes;
			sourceTree = "<group>";
		};
		5542245C20C4BE09001B2734 /* Cell */ = {
			isa = PBXGroup;
			children = (
				5503A81420F24C510039ACCD /* StockIncomeCell.swift */,
				5503A81320F24C500039ACCD /* StockIncomeCell.xib */,
				554E16E620E44542006B864D /* SoldStockDataCell.swift */,
				554E16E520E44542006B864D /* SoldStockDataCell.xib */,
				5542245A20C4BDD5001B2734 /* StockDataCell.swift */,
				5542245D20C4BE36001B2734 /* StockDataCell.xib */,
				551D525C20E7282E00B4A37F /* StockTransactionCell.swift */,
				551D525E20E7283F00B4A37F /* StockTransactionCell.xib */,
				557F72A821029FD4000758FE /* StockPortfolioCell.swift */,
				557F72AA2102A006000758FE /* StockPortfolioCell.xib */,
			);
			path = Cell;
			sourceTree = "<group>";
		};
		5566030720E037680041FC8B /* Frameworks */ = {
			isa = PBXGroup;
			children = (
				5566030820E037680041FC8B /* libsqlite3.tbd */,
			);
			name = Frameworks;
			sourceTree = "<group>";
		};
		5566030D20E03DD20041FC8B /* Database */ = {
			isa = PBXGroup;
			children = (
				5518596A20E9860900BFB445 /* SoldStockDataDB.swift */,
				5566030E20E03E0E0041FC8B /* StockTransactionDB.swift */,
				5566031520E070600041FC8B /* StockDataDB.swift */,
				5503A81120F107680039ACCD /* StockIncomeDB.swift */,
				55338AAF20F81F3B002AEFEA /* StockPortfolioDB.swift */,
			);
			path = Database;
			sourceTree = "<group>";
		};
		5566031220E06E7F0041FC8B /* Service */ = {
			isa = PBXGroup;
			children = (
				5566031320E06EAE0041FC8B /* StockService.swift */,
			);
			path = Service;
			sourceTree = "<group>";
		};
		5568A70E20C18DAC00689EBA /* General */ = {
			isa = PBXGroup;
			children = (
				559F131320C09D37006BC844 /* Utils.swift */,
				5566030B20E039D50041FC8B /* StringUtils.swift */,
				5566030520E0365E0041FC8B /* SQLiteHelper.swift */,
				559F131520C0A3AC006BC844 /* TabController.swift */,
				5566031020E06A170041FC8B /* Constants.swift */,
			);
			path = General;
			sourceTree = "<group>";
		};
		55811DE620E1B46F006BCE0C /* General */ = {
			isa = PBXGroup;
			children = (
				55811DE720E1B486006BCE0C /* StockGeneral.swift */,
			);
			path = General;
			sourceTree = "<group>";
		};
		559F12F320C03527006BC844 /* Stock */ = {
			isa = PBXGroup;
			children = (
				55811DE620E1B46F006BCE0C /* General */,
				5566031220E06E7F0041FC8B /* Service */,
				5566030D20E03DD20041FC8B /* Database */,
				55A3915820D1E50300244FC2 /* Forms */,
				55A3915320D1E18900244FC2 /* Object */,
				5542245C20C4BE09001B2734 /* Cell */,
				559F12F920C04353006BC844 /* StockPortfolioView.swift */,
				559F12FB20C0436C006BC844 /* StockPortfolioView.xib */,
				5568A71120C1CCF000689EBA /* StockDataView.swift */,
				5568A71320C1CCFF00689EBA /* StockDataView.xib */,
				554E16E920E4459A006B864D /* SoldStockDataView.swift */,
				554E16EA20E4459A006B864D /* SoldStockDataView.xib */,
				551D525420E70FFA00B4A37F /* StockDetailsView.swift */,
				551D525620E7102100B4A37F /* StockDetailsView.xib */,
				55338AA920F80D5A002AEFEA /* StockMainIncomesView.swift */,
				55338AAA20F80D5A002AEFEA /* StockMainIncomesView.xib */,
				551D525820E7112C00B4A37F /* StockIncomesView.swift */,
				551D525A20E7115200B4A37F /* StockIncomesView.xib */,
				55338AA520F6CF8C002AEFEA /* StockIncomeDetailsView.swift */,
				55338AA720F6CFAF002AEFEA /* StockIncomeDetailsView.xib */,
			);
			path = Stock;
			sourceTree = "<group>";
		};
		559F12F420C037FD006BC844 /* FixedIncome */ = {
			isa = PBXGroup;
			children = (
			);
			path = FixedIncome;
			sourceTree = "<group>";
		};
		559F12F520C03815006BC844 /* FII */ = {
			isa = PBXGroup;
			children = (
			);
			path = FII;
			sourceTree = "<group>";
		};
		559F12F620C03828006BC844 /* Others */ = {
			isa = PBXGroup;
			children = (
			);
			path = Others;
			sourceTree = "<group>";
		};
		559F12F720C0382F006BC844 /* Treasury */ = {
			isa = PBXGroup;
			children = (
			);
			path = Treasury;
			sourceTree = "<group>";
		};
		559F12F820C0383C006BC844 /* Currency */ = {
			isa = PBXGroup;
			children = (
			);
			path = Currency;
			sourceTree = "<group>";
		};
		55A3915320D1E18900244FC2 /* Object */ = {
			isa = PBXGroup;
			children = (
				5518596C20E9879600BFB445 /* SoldStockData.swift */,
				55A3915420D1E1A100244FC2 /* StockData.swift */,
				55A3915620D1E3C800244FC2 /* StockTransaction.swift */,
				5503A80F20F1048D0039ACCD /* StockIncome.swift */,
				55338AAD20F81E53002AEFEA /* StockPortfolio.swift */,
			);
			path = Object;
			sourceTree = "<group>";
		};
		55A3915820D1E50300244FC2 /* Forms */ = {
			isa = PBXGroup;
			children = (
				55CB063C20F6BEDB00085491 /* StockGroupingForm.swift */,
				55CB063B20F6BEDB00085491 /* StockGroupingForm.xib */,
				55CB063720F6BB7F00085491 /* StockSplitForm.swift */,
				55CB063820F6BB7F00085491 /* StockSplitForm.xib */,
				5503A81720F2A2F70039ACCD /* StockBonificationForm.swift */,
				5503A81820F2A2F70039ACCD /* StockBonificationForm.xib */,
				5501D8F420ED972500C7D4E5 /* StockDividendForm.swift */,
				5501D8F320ED972400C7D4E5 /* StockDividendForm.xib */,
				5518596E20EAEE2900BFB445 /* SellStockForm.swift */,
				5518596F20EAEE2900BFB445 /* SellStockForm.xib */,
				55A3915920D1FB2C00244FC2 /* BuyStockForm.swift */,
				55A3915B20D1FBD400244FC2 /* BuyStockForm.xib */,
			);
			path = Forms;
			sourceTree = "<group>";
		};
/* End PBXGroup section */

/* Begin PBXNativeTarget section */
		552D940520BB22E90041872B /* Guia Investimento */ = {
			isa = PBXNativeTarget;
			buildConfigurationList = 552D941820BB22F30041872B /* Build configuration list for PBXNativeTarget "Guia Investimento" */;
			buildPhases = (
				552D940220BB22E90041872B /* Sources */,
				552D940320BB22E90041872B /* Frameworks */,
				552D940420BB22E90041872B /* Resources */,
			);
			buildRules = (
			);
			dependencies = (
			);
			name = "Guia Investimento";
			productName = "Guia Investimento";
			productReference = 552D940620BB22E90041872B /* Guia Investimento.app */;
			productType = "com.apple.product-type.application";
		};
/* End PBXNativeTarget section */

/* Begin PBXProject section */
		552D93FE20BB22E90041872B /* Project object */ = {
			isa = PBXProject;
			attributes = {
				LastSwiftUpdateCheck = 0930;
				LastUpgradeCheck = 0930;
				ORGANIZATIONNAME = Thiago;
				TargetAttributes = {
					552D940520BB22E90041872B = {
						CreatedOnToolsVersion = 9.3.1;
					};
				};
			};
			buildConfigurationList = 552D940120BB22E90041872B /* Build configuration list for PBXProject "Guia Investimento" */;
			compatibilityVersion = "Xcode 9.3";
			developmentRegion = en;
			hasScannedForEncodings = 0;
			knownRegions = (
				en,
				Base,
			);
			mainGroup = 552D93FD20BB22E90041872B;
			productRefGroup = 552D940720BB22E90041872B /* Products */;
			projectDirPath = "";
			projectRoot = "";
			targets = (
				552D940520BB22E90041872B /* Guia Investimento */,
			);
		};
/* End PBXProject section */

/* Begin PBXResourcesBuildPhase section */
		552D940420BB22E90041872B /* Resources */ = {
			isa = PBXResourcesBuildPhase;
			buildActionMask = 2147483647;
			files = (
				554E16E720E44542006B864D /* SoldStockDataCell.xib in Resources */,
				554E16EC20E4459B006B864D /* SoldStockDataView.xib in Resources */,
				552D942120BB2BB20041872B /* PortfolioMainController.xib in Resources */,
				55338AA820F6CFAF002AEFEA /* StockIncomeDetailsView.xib in Resources */,
				5503A81520F24C510039ACCD /* StockIncomeCell.xib in Resources */,
				55338AAC20F80D5A002AEFEA /* StockMainIncomesView.xib in Resources */,
				55A3915C20D1FBD400244FC2 /* BuyStockForm.xib in Resources */,
				559F12FC20C0436C006BC844 /* StockPortfolioView.xib in Resources */,
				552D941120BB22F30041872B /* Assets.xcassets in Resources */,
				5542245E20C4BE36001B2734 /* StockDataCell.xib in Resources */,
				5540A85D20BCD3780087498B /* DrawerViewController.xib in Resources */,
				5503A81A20F2A2F70039ACCD /* StockBonificationForm.xib in Resources */,
				5501D8F520ED972500C7D4E5 /* StockDividendForm.xib in Resources */,
				55CB063D20F6BEDB00085491 /* StockGroupingForm.xib in Resources */,
				5518597120EAEE2900BFB445 /* SellStockForm.xib in Resources */,
				5568A71420C1CCFF00689EBA /* StockDataView.xib in Resources */,
				5540A85B20BCC6E00087498B /* Main.storyboard in Resources */,
				551D525B20E7115200B4A37F /* StockIncomesView.xib in Resources */,
				55CB063A20F6BB8000085491 /* StockSplitForm.xib in Resources */,
				557F72AB2102A006000758FE /* StockPortfolioCell.xib in Resources */,
				551D525F20E7283F00B4A37F /* StockTransactionCell.xib in Resources */,
				551D525720E7102100B4A37F /* StockDetailsView.xib in Resources */,
			);
			runOnlyForDeploymentPostprocessing = 0;
		};
/* End PBXResourcesBuildPhase section */

/* Begin PBXSourcesBuildPhase section */
		552D940220BB22E90041872B /* Sources */ = {
			isa = PBXSourcesBuildPhase;
			buildActionMask = 2147483647;
			files = (
				5566031420E06EAE0041FC8B /* StockService.swift in Sources */,
				5503A81020F1048D0039ACCD /* StockIncome.swift in Sources */,
				5566030F20E03E0E0041FC8B /* StockTransactionDB.swift in Sources */,
				5540A85420BCC2BB0087498B /* KYEmbedDrawerControllerSegue.swift in Sources */,
				5540A85820BCC2ED0087498B /* DrawerViewController.swift in Sources */,
				557F72A921029FD4000758FE /* StockPortfolioCell.swift in Sources */,
				5540A85520BCC2BB0087498B /* KYEmbedMainControllerSegue.swift in Sources */,
				559F131420C09D37006BC844 /* Utils.swift in Sources */,
				5503A81920F2A2F70039ACCD /* StockBonificationForm.swift in Sources */,
				5566030C20E039D50041FC8B /* StringUtils.swift in Sources */,
				55338AB020F81F3B002AEFEA /* StockPortfolioDB.swift in Sources */,
				5503A81620F24C510039ACCD /* StockIncomeCell.swift in Sources */,
				551D525D20E7282E00B4A37F /* StockTransactionCell.swift in Sources */,
				5518597020EAEE2900BFB445 /* SellStockForm.swift in Sources */,
				5518596B20E9860900BFB445 /* SoldStockDataDB.swift in Sources */,
				552D941F20BB2B9F0041872B /* PortfolioMainController.swift in Sources */,
				5518596D20E9879700BFB445 /* SoldStockData.swift in Sources */,
				55338AAB20F80D5A002AEFEA /* StockMainIncomesView.swift in Sources */,
				5501D8F620ED972500C7D4E5 /* StockDividendForm.swift in Sources */,
				5566031620E070600041FC8B /* StockDataDB.swift in Sources */,
				55CB063E20F6BEDB00085491 /* StockGroupingForm.swift in Sources */,
				5566030620E0365E0041FC8B /* SQLiteHelper.swift in Sources */,
				5568A71220C1CCF000689EBA /* StockDataView.swift in Sources */,
				552D940A20BB22E90041872B /* AppDelegate.swift in Sources */,
				551D525920E7112C00B4A37F /* StockIncomesView.swift in Sources */,
				5503A81220F107680039ACCD /* StockIncomeDB.swift in Sources */,
				55811DE820E1B486006BCE0C /* StockGeneral.swift in Sources */,
				5542245B20C4BDD5001B2734 /* StockDataCell.swift in Sources */,
				551D525520E70FFA00B4A37F /* StockDetailsView.swift in Sources */,
				554E16E820E44542006B864D /* SoldStockDataCell.swift in Sources */,
				55A3915720D1E3C800244FC2 /* StockTransaction.swift in Sources */,
				554E16EB20E4459B006B864D /* SoldStockDataView.swift in Sources */,
				55338AA620F6CF8C002AEFEA /* StockIncomeDetailsView.swift in Sources */,
				55A3915A20D1FB2C00244FC2 /* BuyStockForm.swift in Sources */,
				55A3915520D1E1A100244FC2 /* StockData.swift in Sources */,
				55CB063920F6BB8000085491 /* StockSplitForm.swift in Sources */,
				5540A85320BCC2BB0087498B /* KYDrawerController.swift in Sources */,
				559F131620C0A3AC006BC844 /* TabController.swift in Sources */,
				559F12FA20C04353006BC844 /* StockPortfolioView.swift in Sources */,
				5566031120E06A170041FC8B /* Constants.swift in Sources */,
				55338AAE20F81E53002AEFEA /* StockPortfolio.swift in Sources */,
			);
			runOnlyForDeploymentPostprocessing = 0;
		};
/* End PBXSourcesBuildPhase section */

/* Begin PBXVariantGroup section */
		5540A85920BCC6E00087498B /* Main.storyboard */ = {
			isa = PBXVariantGroup;
			children = (
				5540A85A20BCC6E00087498B /* Base */,
			);
			name = Main.storyboard;
			sourceTree = "<group>";
		};
/* End PBXVariantGroup section */

/* Begin XCBuildConfiguration section */
		552D941620BB22F30041872B /* Debug */ = {
			isa = XCBuildConfiguration;
			buildSettings = {
				ALWAYS_SEARCH_USER_PATHS = NO;
				CLANG_ANALYZER_NONNULL = YES;
				CLANG_ANALYZER_NUMBER_OBJECT_CONVERSION = YES_AGGRESSIVE;
				CLANG_CXX_LANGUAGE_STANDARD = "gnu++14";
				CLANG_CXX_LIBRARY = "libc++";
				CLANG_ENABLE_MODULES = YES;
				CLANG_ENABLE_OBJC_ARC = YES;
				CLANG_ENABLE_OBJC_WEAK = YES;
				CLANG_WARN_BLOCK_CAPTURE_AUTORELEASING = YES;
				CLANG_WARN_BOOL_CONVERSION = YES;
				CLANG_WARN_COMMA = YES;
				CLANG_WARN_CONSTANT_CONVERSION = YES;
				CLANG_WARN_DEPRECATED_OBJC_IMPLEMENTATIONS = YES;
				CLANG_WARN_DIRECT_OBJC_ISA_USAGE = YES_ERROR;
				CLANG_WARN_DOCUMENTATION_COMMENTS = YES;
				CLANG_WARN_EMPTY_BODY = YES;
				CLANG_WARN_ENUM_CONVERSION = YES;
				CLANG_WARN_INFINITE_RECURSION = YES;
				CLANG_WARN_INT_CONVERSION = YES;
				CLANG_WARN_NON_LITERAL_NULL_CONVERSION = YES;
				CLANG_WARN_OBJC_IMPLICIT_RETAIN_SELF = YES;
				CLANG_WARN_OBJC_LITERAL_CONVERSION = YES;
				CLANG_WARN_OBJC_ROOT_CLASS = YES_ERROR;
				CLANG_WARN_RANGE_LOOP_ANALYSIS = YES;
				CLANG_WARN_STRICT_PROTOTYPES = YES;
				CLANG_WARN_SUSPICIOUS_MOVE = YES;
				CLANG_WARN_UNGUARDED_AVAILABILITY = YES_AGGRESSIVE;
				CLANG_WARN_UNREACHABLE_CODE = YES;
				CLANG_WARN__DUPLICATE_METHOD_MATCH = YES;
				CODE_SIGN_IDENTITY = "iPhone Developer";
				COPY_PHASE_STRIP = NO;
				DEBUG_INFORMATION_FORMAT = dwarf;
				ENABLE_STRICT_OBJC_MSGSEND = YES;
				ENABLE_TESTABILITY = YES;
				GCC_C_LANGUAGE_STANDARD = gnu11;
				GCC_DYNAMIC_NO_PIC = NO;
				GCC_NO_COMMON_BLOCKS = YES;
				GCC_OPTIMIZATION_LEVEL = 0;
				GCC_PREPROCESSOR_DEFINITIONS = (
					"DEBUG=1",
					"$(inherited)",
				);
				GCC_WARN_64_TO_32_BIT_CONVERSION = YES;
				GCC_WARN_ABOUT_RETURN_TYPE = YES_ERROR;
				GCC_WARN_UNDECLARED_SELECTOR = YES;
				GCC_WARN_UNINITIALIZED_AUTOS = YES_AGGRESSIVE;
				GCC_WARN_UNUSED_FUNCTION = YES;
				GCC_WARN_UNUSED_VARIABLE = YES;
				IPHONEOS_DEPLOYMENT_TARGET = 11.3;
				MTL_ENABLE_DEBUG_INFO = YES;
				ONLY_ACTIVE_ARCH = YES;
				SDKROOT = iphoneos;
				SWIFT_ACTIVE_COMPILATION_CONDITIONS = DEBUG;
				SWIFT_OPTIMIZATION_LEVEL = "-Onone";
			};
			name = Debug;
		};
		552D941720BB22F30041872B /* Release */ = {
			isa = XCBuildConfiguration;
			buildSettings = {
				ALWAYS_SEARCH_USER_PATHS = NO;
				CLANG_ANALYZER_NONNULL = YES;
				CLANG_ANALYZER_NUMBER_OBJECT_CONVERSION = YES_AGGRESSIVE;
				CLANG_CXX_LANGUAGE_STANDARD = "gnu++14";
				CLANG_CXX_LIBRARY = "libc++";
				CLANG_ENABLE_MODULES = YES;
				CLANG_ENABLE_OBJC_ARC = YES;
				CLANG_ENABLE_OBJC_WEAK = YES;
				CLANG_WARN_BLOCK_CAPTURE_AUTORELEASING = YES;
				CLANG_WARN_BOOL_CONVERSION = YES;
				CLANG_WARN_COMMA = YES;
				CLANG_WARN_CONSTANT_CONVERSION = YES;
				CLANG_WARN_DEPRECATED_OBJC_IMPLEMENTATIONS = YES;
				CLANG_WARN_DIRECT_OBJC_ISA_USAGE = YES_ERROR;
				CLANG_WARN_DOCUMENTATION_COMMENTS = YES;
				CLANG_WARN_EMPTY_BODY = YES;
				CLANG_WARN_ENUM_CONVERSION = YES;
				CLANG_WARN_INFINITE_RECURSION = YES;
				CLANG_WARN_INT_CONVERSION = YES;
				CLANG_WARN_NON_LITERAL_NULL_CONVERSION = YES;
				CLANG_WARN_OBJC_IMPLICIT_RETAIN_SELF = YES;
				CLANG_WARN_OBJC_LITERAL_CONVERSION = YES;
				CLANG_WARN_OBJC_ROOT_CLASS = YES_ERROR;
				CLANG_WARN_RANGE_LOOP_ANALYSIS = YES;
				CLANG_WARN_STRICT_PROTOTYPES = YES;
				CLANG_WARN_SUSPICIOUS_MOVE = YES;
				CLANG_WARN_UNGUARDED_AVAILABILITY = YES_AGGRESSIVE;
				CLANG_WARN_UNREACHABLE_CODE = YES;
				CLANG_WARN__DUPLICATE_METHOD_MATCH = YES;
				CODE_SIGN_IDENTITY = "iPhone Developer";
				COPY_PHASE_STRIP = NO;
				DEBUG_INFORMATION_FORMAT = "dwarf-with-dsym";
				ENABLE_NS_ASSERTIONS = NO;
				ENABLE_STRICT_OBJC_MSGSEND = YES;
				GCC_C_LANGUAGE_STANDARD = gnu11;
				GCC_NO_COMMON_BLOCKS = YES;
				GCC_WARN_64_TO_32_BIT_CONVERSION = YES;
				GCC_WARN_ABOUT_RETURN_TYPE = YES_ERROR;
				GCC_WARN_UNDECLARED_SELECTOR = YES;
				GCC_WARN_UNINITIALIZED_AUTOS = YES_AGGRESSIVE;
				GCC_WARN_UNUSED_FUNCTION = YES;
				GCC_WARN_UNUSED_VARIABLE = YES;
				IPHONEOS_DEPLOYMENT_TARGET = 11.3;
				MTL_ENABLE_DEBUG_INFO = NO;
				SDKROOT = iphoneos;
				SWIFT_COMPILATION_MODE = wholemodule;
				SWIFT_OPTIMIZATION_LEVEL = "-O";
				VALIDATE_PRODUCT = YES;
			};
			name = Release;
		};
		552D941920BB22F30041872B /* Debug */ = {
			isa = XCBuildConfiguration;
			buildSettings = {
				ASSETCATALOG_COMPILER_APPICON_NAME = AppIcon;
				ASSETCATALOG_COMPILER_LAUNCHIMAGE_NAME = LaunchImage;
				CODE_SIGN_STYLE = Automatic;
				DEVELOPMENT_TEAM = 29CK3HSZJR;
				INFOPLIST_FILE = "Guia Investimento/Info.plist";
				LD_RUNPATH_SEARCH_PATHS = (
					"$(inherited)",
					"@executable_path/Frameworks",
				);
				PRODUCT_BUNDLE_IDENTIFIER = "guiainvestimento.com.br.Guia-Investimento";
				PRODUCT_NAME = "$(TARGET_NAME)";
				SWIFT_OBJC_BRIDGING_HEADER = "Guia Investimento/Guia-Investimento-Bridging-Header.h";
				SWIFT_VERSION = 4.0;
				TARGETED_DEVICE_FAMILY = "1,2";
			};
			name = Debug;
		};
		552D941A20BB22F30041872B /* Release */ = {
			isa = XCBuildConfiguration;
			buildSettings = {
				ASSETCATALOG_COMPILER_APPICON_NAME = AppIcon;
				ASSETCATALOG_COMPILER_LAUNCHIMAGE_NAME = LaunchImage;
				CODE_SIGN_STYLE = Automatic;
				DEVELOPMENT_TEAM = 29CK3HSZJR;
				INFOPLIST_FILE = "Guia Investimento/Info.plist";
				LD_RUNPATH_SEARCH_PATHS = (
					"$(inherited)",
					"@executable_path/Frameworks",
				);
				PRODUCT_BUNDLE_IDENTIFIER = "guiainvestimento.com.br.Guia-Investimento";
				PRODUCT_NAME = "$(TARGET_NAME)";
				SWIFT_OBJC_BRIDGING_HEADER = "Guia Investimento/Guia-Investimento-Bridging-Header.h";
				SWIFT_VERSION = 4.0;
				TARGETED_DEVICE_FAMILY = "1,2";
			};
			name = Release;
		};
/* End XCBuildConfiguration section */

/* Begin XCConfigurationList section */
		552D940120BB22E90041872B /* Build configuration list for PBXProject "Guia Investimento" */ = {
			isa = XCConfigurationList;
			buildConfigurations = (
				552D941620BB22F30041872B /* Debug */,
				552D941720BB22F30041872B /* Release */,
			);
			defaultConfigurationIsVisible = 0;
			defaultConfigurationName = Release;
		};
		552D941820BB22F30041872B /* Build configuration list for PBXNativeTarget "Guia Investimento" */ = {
			isa = XCConfigurationList;
			buildConfigurations = (
				552D941920BB22F30041872B /* Debug */,
				552D941A20BB22F30041872B /* Release */,
			);
			defaultConfigurationIsVisible = 0;
			defaultConfigurationName = Release;
		};
/* End XCConfigurationList section */
	};
	rootObject = 552D93FE20BB22E90041872B /* Project object */;
}
